
Microsoft Visual Studio Solution File, Format Version 12.00
# Visual Studio 15
VisualStudioVersion = 15.0.27703.2042
MinimumVisualStudioVersion = 10.0.40219.1
Project("{FAE04EC0-301F-11D3-BF4B-00C04F79EFBC}") = "POC_WordTemplate", "POC_WordTemplate\POC_WordTemplate.csproj", "{7FE60409-B3AF-481A-B953-A6864BC34E50}"
EndProject
Global
	GlobalSection(SolutionConfigurationPlatforms) = preSolution
		Debug|Any CPU = Debug|Any CPU
		Release|Any CPU = Release|Any CPU
	EndGlobalSection
	GlobalSection(ProjectConfigurationPlatforms) = postSolution
		{7FE60409-B3AF-481A-B953-A6864BC34E50}.Debug|Any CPU.ActiveCfg = Debug|Any CPU
		{7FE60409-B3AF-481A-B953-A6864BC34E50}.Debug|Any CPU.Build.0 = Debug|Any CPU
		{7FE60409-B3AF-481A-B953-A6864BC34E50}.Release|Any CPU.ActiveCfg = Release|Any CPU
		{7FE60409-B3AF-481A-B953-A6864BC34E50}.Release|Any CPU.Build.0 = Release|Any CPU
	EndGlobalSection
	GlobalSection(SolutionProperties) = preSolution
		HideSolutionNode = FALSE
	EndGlobalSection
	GlobalSection(ExtensibilityGlobals) = postSolution
		SolutionGuid = {5BD5AA24-DC1E-47B0-BAEC-3F09FE96BA0E}
	EndGlobalSection
EndGlobal
