
Microsoft Visual Studio Solution File, Format Version 12.00
# Visual Studio 15
VisualStudioVersion = 15.0.27703.2042
MinimumVisualStudioVersion = 10.0.40219.1
Project("{FAE04EC0-301F-11D3-BF4B-00C04F79EFBC}") = "HTML2DOCX_WordTemplate", "HTML2DOCX_WordTemplate\HTML2DOCX_WordTemplate.csproj", "{C769C6B7-C778-4BC3-92E6-316231322C0A}"
EndProject
Global
	GlobalSection(SolutionConfigurationPlatforms) = preSolution
		Debug|Any CPU = Debug|Any CPU
		Release|Any CPU = Release|Any CPU
	EndGlobalSection
	GlobalSection(ProjectConfigurationPlatforms) = postSolution
		{C769C6B7-C778-4BC3-92E6-316231322C0A}.Debug|Any CPU.ActiveCfg = Debug|Any CPU
		{C769C6B7-C778-4BC3-92E6-316231322C0A}.Debug|Any CPU.Build.0 = Debug|Any CPU
		{C769C6B7-C778-4BC3-92E6-316231322C0A}.Release|Any CPU.ActiveCfg = Release|Any CPU
		{C769C6B7-C778-4BC3-92E6-316231322C0A}.Release|Any CPU.Build.0 = Release|Any CPU
	EndGlobalSection
	GlobalSection(SolutionProperties) = preSolution
		HideSolutionNode = FALSE
	EndGlobalSection
	GlobalSection(ExtensibilityGlobals) = postSolution
		SolutionGuid = {E897CF4F-31F9-45E0-89B4-6788E73D66CE}
	EndGlobalSection
EndGlobal
